
Microsoft Visual Studio Solution File, Format Version 12.00
# Visual Studio Version 17
VisualStudioVersion = 17.10.35027.167
MinimumVisualStudioVersion = 10.0.40219.1
Project("{FAE04EC0-301F-11D3-BF4B-00C04F79EFBC}") = "HakDuinoSerial", "HakDuinoSerial\HakDuinoSerial.csproj", "{4610F05B-305B-4B48-A663-DE3B70399A9E}"
EndProject
Global
	GlobalSection(SolutionConfigurationPlatforms) = preSolution
		Debug|Any CPU = Debug|Any CPU
		Release|Any CPU = Release|Any CPU
	EndGlobalSection
	GlobalSection(ProjectConfigurationPlatforms) = postSolution
		{4610F05B-305B-4B48-A663-DE3B70399A9E}.Debug|Any CPU.ActiveCfg = Debug|Any CPU
		{4610F05B-305B-4B48-A663-DE3B70399A9E}.Debug|Any CPU.Build.0 = Debug|Any CPU
		{4610F05B-305B-4B48-A663-DE3B70399A9E}.Release|Any CPU.ActiveCfg = Release|Any CPU
		{4610F05B-305B-4B48-A663-DE3B70399A9E}.Release|Any CPU.Build.0 = Release|Any CPU
	EndGlobalSection
	GlobalSection(SolutionProperties) = preSolution
		HideSolutionNode = FALSE
	EndGlobalSection
	GlobalSection(ExtensibilityGlobals) = postSolution
		SolutionGuid = {AEF43B47-B5E8-4898-8284-E989607CB05B}
	EndGlobalSection
EndGlobal
